
Microsoft Visual Studio Solution File, Format Version 12.00
# Visual Studio 14
VisualStudioVersion = 14.0.23107.0
MinimumVisualStudioVersion = 10.0.40219.1
Project("{FAE04EC0-301F-11D3-BF4B-00C04F79EFBC}") = "task 1", "teht 4\task 1.csproj", "{5A45F77D-C178-4E28-9189-716081DBAC65}"
EndProject
Project("{FAE04EC0-301F-11D3-BF4B-00C04F79EFBC}") = "task 2", "task 2\task 2.csproj", "{80DC4CE3-515D-4BF5-ABCC-8D557CC69285}"
EndProject
Project("{FAE04EC0-301F-11D3-BF4B-00C04F79EFBC}") = "Task 3", "Task 3\Task 3.csproj", "{2F2D10D2-692C-4A29-A9BD-920A1915A547}"
EndProject
Project("{FAE04EC0-301F-11D3-BF4B-00C04F79EFBC}") = "Task 4", "Task 4\Task 4.csproj", "{8C440FE2-25FE-498F-93D1-0B860851850F}"
EndProject
Project("{FAE04EC0-301F-11D3-BF4B-00C04F79EFBC}") = "Task 5", "Task 5\Task 5.csproj", "{8665C21F-D710-422C-AC20-2F2F3A8C5703}"
EndProject
Project("{FAE04EC0-301F-11D3-BF4B-00C04F79EFBC}") = "task 6", "task 6\task 6.csproj", "{5424AA70-AB09-48DA-8A4B-AF5B8C80E7BD}"
EndProject
Global
	GlobalSection(SolutionConfigurationPlatforms) = preSolution
		Debug|Any CPU = Debug|Any CPU
		Release|Any CPU = Release|Any CPU
	EndGlobalSection
	GlobalSection(ProjectConfigurationPlatforms) = postSolution
		{5A45F77D-C178-4E28-9189-716081DBAC65}.Debug|Any CPU.ActiveCfg = Debug|Any CPU
		{5A45F77D-C178-4E28-9189-716081DBAC65}.Debug|Any CPU.Build.0 = Debug|Any CPU
		{5A45F77D-C178-4E28-9189-716081DBAC65}.Release|Any CPU.ActiveCfg = Release|Any CPU
		{5A45F77D-C178-4E28-9189-716081DBAC65}.Release|Any CPU.Build.0 = Release|Any CPU
		{80DC4CE3-515D-4BF5-ABCC-8D557CC69285}.Debug|Any CPU.ActiveCfg = Debug|Any CPU
		{80DC4CE3-515D-4BF5-ABCC-8D557CC69285}.Debug|Any CPU.Build.0 = Debug|Any CPU
		{80DC4CE3-515D-4BF5-ABCC-8D557CC69285}.Release|Any CPU.ActiveCfg = Release|Any CPU
		{80DC4CE3-515D-4BF5-ABCC-8D557CC69285}.Release|Any CPU.Build.0 = Release|Any CPU
		{2F2D10D2-692C-4A29-A9BD-920A1915A547}.Debug|Any CPU.ActiveCfg = Debug|Any CPU
		{2F2D10D2-692C-4A29-A9BD-920A1915A547}.Debug|Any CPU.Build.0 = Debug|Any CPU
		{2F2D10D2-692C-4A29-A9BD-920A1915A547}.Release|Any CPU.ActiveCfg = Release|Any CPU
		{2F2D10D2-692C-4A29-A9BD-920A1915A547}.Release|Any CPU.Build.0 = Release|Any CPU
		{8C440FE2-25FE-498F-93D1-0B860851850F}.Debug|Any CPU.ActiveCfg = Debug|Any CPU
		{8C440FE2-25FE-498F-93D1-0B860851850F}.Debug|Any CPU.Build.0 = Debug|Any CPU
		{8C440FE2-25FE-498F-93D1-0B860851850F}.Release|Any CPU.ActiveCfg = Release|Any CPU
		{8C440FE2-25FE-498F-93D1-0B860851850F}.Release|Any CPU.Build.0 = Release|Any CPU
		{8665C21F-D710-422C-AC20-2F2F3A8C5703}.Debug|Any CPU.ActiveCfg = Debug|Any CPU
		{8665C21F-D710-422C-AC20-2F2F3A8C5703}.Debug|Any CPU.Build.0 = Debug|Any CPU
		{8665C21F-D710-422C-AC20-2F2F3A8C5703}.Release|Any CPU.ActiveCfg = Release|Any CPU
		{8665C21F-D710-422C-AC20-2F2F3A8C5703}.Release|Any CPU.Build.0 = Release|Any CPU
		{5424AA70-AB09-48DA-8A4B-AF5B8C80E7BD}.Debug|Any CPU.ActiveCfg = Debug|Any CPU
		{5424AA70-AB09-48DA-8A4B-AF5B8C80E7BD}.Debug|Any CPU.Build.0 = Debug|Any CPU
		{5424AA70-AB09-48DA-8A4B-AF5B8C80E7BD}.Release|Any CPU.ActiveCfg = Release|Any CPU
		{5424AA70-AB09-48DA-8A4B-AF5B8C80E7BD}.Release|Any CPU.Build.0 = Release|Any CPU
	EndGlobalSection
	GlobalSection(SolutionProperties) = preSolution
		HideSolutionNode = FALSE
	EndGlobalSection
EndGlobal
